
Microsoft Visual Studio Solution File, Format Version 12.00
# Visual Studio 14
VisualStudioVersion = 14.0.25420.1
MinimumVisualStudioVersion = 10.0.40219.1
Project("{FAE04EC0-301F-11D3-BF4B-00C04F79EFBC}") = "DAL", "DAL\DAL.csproj", "{457E81FA-5F26-4F9B-A18C-9FD1349754A7}"
EndProject
Project("{FAE04EC0-301F-11D3-BF4B-00C04F79EFBC}") = "BAL", "BAL\BAL.csproj", "{D58D210F-1CA1-4288-972D-2954A6CCF70A}"
EndProject
Project("{FAE04EC0-301F-11D3-BF4B-00C04F79EFBC}") = "Entity", "Entity\Entity.csproj", "{A3D31095-3511-4EC3-ACDA-7148172B74D7}"
EndProject
Project("{FAE04EC0-301F-11D3-BF4B-00C04F79EFBC}") = "WebUI", "WebUI\WebUI.csproj", "{E68F2D09-8475-438B-BEE4-645562BA5FCC}"
EndProject
Project("{FAE04EC0-301F-11D3-BF4B-00C04F79EFBC}") = "StateManagementAndCaching", "StateManagementAndCaching\StateManagementAndCaching.csproj", "{26EC3B3C-0697-46CB-8B89-655741D73680}"
EndProject
Global
	GlobalSection(SolutionConfigurationPlatforms) = preSolution
		Debug|Any CPU = Debug|Any CPU
		Release|Any CPU = Release|Any CPU
	EndGlobalSection
	GlobalSection(ProjectConfigurationPlatforms) = postSolution
		{457E81FA-5F26-4F9B-A18C-9FD1349754A7}.Debug|Any CPU.ActiveCfg = Debug|Any CPU
		{457E81FA-5F26-4F9B-A18C-9FD1349754A7}.Debug|Any CPU.Build.0 = Debug|Any CPU
		{457E81FA-5F26-4F9B-A18C-9FD1349754A7}.Release|Any CPU.ActiveCfg = Release|Any CPU
		{457E81FA-5F26-4F9B-A18C-9FD1349754A7}.Release|Any CPU.Build.0 = Release|Any CPU
		{D58D210F-1CA1-4288-972D-2954A6CCF70A}.Debug|Any CPU.ActiveCfg = Debug|Any CPU
		{D58D210F-1CA1-4288-972D-2954A6CCF70A}.Debug|Any CPU.Build.0 = Debug|Any CPU
		{D58D210F-1CA1-4288-972D-2954A6CCF70A}.Release|Any CPU.ActiveCfg = Release|Any CPU
		{D58D210F-1CA1-4288-972D-2954A6CCF70A}.Release|Any CPU.Build.0 = Release|Any CPU
		{A3D31095-3511-4EC3-ACDA-7148172B74D7}.Debug|Any CPU.ActiveCfg = Debug|Any CPU
		{A3D31095-3511-4EC3-ACDA-7148172B74D7}.Debug|Any CPU.Build.0 = Debug|Any CPU
		{A3D31095-3511-4EC3-ACDA-7148172B74D7}.Release|Any CPU.ActiveCfg = Release|Any CPU
		{A3D31095-3511-4EC3-ACDA-7148172B74D7}.Release|Any CPU.Build.0 = Release|Any CPU
		{E68F2D09-8475-438B-BEE4-645562BA5FCC}.Debug|Any CPU.ActiveCfg = Debug|Any CPU
		{E68F2D09-8475-438B-BEE4-645562BA5FCC}.Debug|Any CPU.Build.0 = Debug|Any CPU
		{E68F2D09-8475-438B-BEE4-645562BA5FCC}.Release|Any CPU.ActiveCfg = Release|Any CPU
		{E68F2D09-8475-438B-BEE4-645562BA5FCC}.Release|Any CPU.Build.0 = Release|Any CPU
		{26EC3B3C-0697-46CB-8B89-655741D73680}.Debug|Any CPU.ActiveCfg = Debug|Any CPU
		{26EC3B3C-0697-46CB-8B89-655741D73680}.Debug|Any CPU.Build.0 = Debug|Any CPU
		{26EC3B3C-0697-46CB-8B89-655741D73680}.Release|Any CPU.ActiveCfg = Release|Any CPU
		{26EC3B3C-0697-46CB-8B89-655741D73680}.Release|Any CPU.Build.0 = Release|Any CPU
	EndGlobalSection
	GlobalSection(SolutionProperties) = preSolution
		HideSolutionNode = FALSE
	EndGlobalSection
EndGlobal
