
Microsoft Visual Studio Solution File, Format Version 12.00
# Visual Studio 14
VisualStudioVersion = 14.0.25420.1
MinimumVisualStudioVersion = 10.0.40219.1
Project("{FAE04EC0-301F-11D3-BF4B-00C04F79EFBC}") = "LoginService", "LoginService\LoginService.csproj", "{E0AF7BA8-8FB6-406D-AC36-00BE885561B9}"
EndProject
Project("{FAE04EC0-301F-11D3-BF4B-00C04F79EFBC}") = "SelfHosting", "SelfHosting\SelfHosting.csproj", "{CBD82863-E703-4B98-9595-46198D12D95C}"
EndProject
Global
	GlobalSection(SolutionConfigurationPlatforms) = preSolution
		Debug|Any CPU = Debug|Any CPU
		Release|Any CPU = Release|Any CPU
	EndGlobalSection
	GlobalSection(ProjectConfigurationPlatforms) = postSolution
		{E0AF7BA8-8FB6-406D-AC36-00BE885561B9}.Debug|Any CPU.ActiveCfg = Debug|Any CPU
		{E0AF7BA8-8FB6-406D-AC36-00BE885561B9}.Debug|Any CPU.Build.0 = Debug|Any CPU
		{E0AF7BA8-8FB6-406D-AC36-00BE885561B9}.Release|Any CPU.ActiveCfg = Release|Any CPU
		{E0AF7BA8-8FB6-406D-AC36-00BE885561B9}.Release|Any CPU.Build.0 = Release|Any CPU
		{CBD82863-E703-4B98-9595-46198D12D95C}.Debug|Any CPU.ActiveCfg = Debug|Any CPU
		{CBD82863-E703-4B98-9595-46198D12D95C}.Debug|Any CPU.Build.0 = Debug|Any CPU
		{CBD82863-E703-4B98-9595-46198D12D95C}.Release|Any CPU.ActiveCfg = Release|Any CPU
		{CBD82863-E703-4B98-9595-46198D12D95C}.Release|Any CPU.Build.0 = Release|Any CPU
	EndGlobalSection
	GlobalSection(SolutionProperties) = preSolution
		HideSolutionNode = FALSE
	EndGlobalSection
EndGlobal
