
Microsoft Visual Studio Solution File, Format Version 12.00
# Visual Studio 14
VisualStudioVersion = 14.0.25420.1
MinimumVisualStudioVersion = 10.0.40219.1
Project("{FAE04EC0-301F-11D3-BF4B-00C04F79EFBC}") = "WCFCard", "WCFCard\WCFCard.csproj", "{AFAFB8C3-24A7-48D9-86F2-8CF2EA2724BB}"
EndProject
Project("{FAE04EC0-301F-11D3-BF4B-00C04F79EFBC}") = "IISHosting", "IISHosting\IISHosting.csproj", "{EAEEF096-4FB6-4F4E-AC1A-473FE9126A2B}"
EndProject
Project("{FAE04EC0-301F-11D3-BF4B-00C04F79EFBC}") = "Client1", "Client1\Client1.csproj", "{CE10D855-1749-4AAB-87AD-CF2D8B5B3659}"
	ProjectSection(ProjectDependencies) = postProject
		{EAEEF096-4FB6-4F4E-AC1A-473FE9126A2B} = {EAEEF096-4FB6-4F4E-AC1A-473FE9126A2B}
	EndProjectSection
EndProject
Global
	GlobalSection(SolutionConfigurationPlatforms) = preSolution
		Debug|Any CPU = Debug|Any CPU
		Release|Any CPU = Release|Any CPU
	EndGlobalSection
	GlobalSection(ProjectConfigurationPlatforms) = postSolution
		{AFAFB8C3-24A7-48D9-86F2-8CF2EA2724BB}.Debug|Any CPU.ActiveCfg = Debug|Any CPU
		{AFAFB8C3-24A7-48D9-86F2-8CF2EA2724BB}.Debug|Any CPU.Build.0 = Debug|Any CPU
		{AFAFB8C3-24A7-48D9-86F2-8CF2EA2724BB}.Release|Any CPU.ActiveCfg = Release|Any CPU
		{AFAFB8C3-24A7-48D9-86F2-8CF2EA2724BB}.Release|Any CPU.Build.0 = Release|Any CPU
		{EAEEF096-4FB6-4F4E-AC1A-473FE9126A2B}.Debug|Any CPU.ActiveCfg = Debug|Any CPU
		{EAEEF096-4FB6-4F4E-AC1A-473FE9126A2B}.Debug|Any CPU.Build.0 = Debug|Any CPU
		{EAEEF096-4FB6-4F4E-AC1A-473FE9126A2B}.Release|Any CPU.ActiveCfg = Release|Any CPU
		{EAEEF096-4FB6-4F4E-AC1A-473FE9126A2B}.Release|Any CPU.Build.0 = Release|Any CPU
		{CE10D855-1749-4AAB-87AD-CF2D8B5B3659}.Debug|Any CPU.ActiveCfg = Debug|Any CPU
		{CE10D855-1749-4AAB-87AD-CF2D8B5B3659}.Debug|Any CPU.Build.0 = Debug|Any CPU
		{CE10D855-1749-4AAB-87AD-CF2D8B5B3659}.Release|Any CPU.ActiveCfg = Release|Any CPU
		{CE10D855-1749-4AAB-87AD-CF2D8B5B3659}.Release|Any CPU.Build.0 = Release|Any CPU
	EndGlobalSection
	GlobalSection(SolutionProperties) = preSolution
		HideSolutionNode = FALSE
	EndGlobalSection
EndGlobal
