
Microsoft Visual Studio Solution File, Format Version 12.00
# Visual Studio 14
VisualStudioVersion = 14.0.25420.1
MinimumVisualStudioVersion = 10.0.40219.1
Project("{FAE04EC0-301F-11D3-BF4B-00C04F79EFBC}") = "Lambda", "Lambda\Lambda.csproj", "{69E9FBB0-8EED-4F47-8F24-18252CD283CF}"
EndProject
Project("{FAE04EC0-301F-11D3-BF4B-00C04F79EFBC}") = "Assignment1", "Assignment1\Assignment1.csproj", "{4CC6B6E2-DD44-4B83-BA3D-4BEF90FAF808}"
EndProject
Project("{FAE04EC0-301F-11D3-BF4B-00C04F79EFBC}") = "assignment 2", "assignment 2\assignment 2.csproj", "{539F4062-9CCE-42A3-8EBC-1215E3705020}"
EndProject
Global
	GlobalSection(SolutionConfigurationPlatforms) = preSolution
		Debug|Any CPU = Debug|Any CPU
		Release|Any CPU = Release|Any CPU
	EndGlobalSection
	GlobalSection(ProjectConfigurationPlatforms) = postSolution
		{69E9FBB0-8EED-4F47-8F24-18252CD283CF}.Debug|Any CPU.ActiveCfg = Debug|Any CPU
		{69E9FBB0-8EED-4F47-8F24-18252CD283CF}.Debug|Any CPU.Build.0 = Debug|Any CPU
		{69E9FBB0-8EED-4F47-8F24-18252CD283CF}.Release|Any CPU.ActiveCfg = Release|Any CPU
		{69E9FBB0-8EED-4F47-8F24-18252CD283CF}.Release|Any CPU.Build.0 = Release|Any CPU
		{4CC6B6E2-DD44-4B83-BA3D-4BEF90FAF808}.Debug|Any CPU.ActiveCfg = Debug|Any CPU
		{4CC6B6E2-DD44-4B83-BA3D-4BEF90FAF808}.Debug|Any CPU.Build.0 = Debug|Any CPU
		{4CC6B6E2-DD44-4B83-BA3D-4BEF90FAF808}.Release|Any CPU.ActiveCfg = Release|Any CPU
		{4CC6B6E2-DD44-4B83-BA3D-4BEF90FAF808}.Release|Any CPU.Build.0 = Release|Any CPU
		{539F4062-9CCE-42A3-8EBC-1215E3705020}.Debug|Any CPU.ActiveCfg = Debug|Any CPU
		{539F4062-9CCE-42A3-8EBC-1215E3705020}.Debug|Any CPU.Build.0 = Debug|Any CPU
		{539F4062-9CCE-42A3-8EBC-1215E3705020}.Release|Any CPU.ActiveCfg = Release|Any CPU
		{539F4062-9CCE-42A3-8EBC-1215E3705020}.Release|Any CPU.Build.0 = Release|Any CPU
	EndGlobalSection
	GlobalSection(SolutionProperties) = preSolution
		HideSolutionNode = FALSE
	EndGlobalSection
EndGlobal
